# THIS IS AN AUTOGENERATED FILE. DO NOT EDIT THIS FILE DIRECTLY.
# yarn lockfile v1


turbo-darwin-64@2.8.11:
  version "2.8.11"
  resolved "https://registry.yarnpkg.com/turbo-darwin-64/-/turbo-darwin-64-2.8.11.tgz#578dce09b1f148a9fb5f114971df6ba7bb36b53a"
  integrity sha512-XKaCWaz4OCt77oYYvGCIRpvYD4c/aNaKjRkUpv+e8rN3RZb+5Xsyew4yRO+gaHdMIUhQznXNXfHlhs+/p7lIhA==

turbo-darwin-arm64@2.8.11:
  version "2.8.11"
  resolved "https://registry.yarnpkg.com/turbo-darwin-arm64/-/turbo-darwin-arm64-2.8.11.tgz#6a6eb08e2addabac9f7920f87e7d9d1eb54149a1"
  integrity sha512-VvynLHGUNvQ9k7GZjRPSsRcK4VkioTfFb7O7liAk4nHKjEcMdls7GqxzjVWgJiKz3hWmQGaP9hRa9UUnhVWCxA==

turbo-linux-64@2.8.11:
  version "2.8.11"
  resolved "https://registry.yarnpkg.com/turbo-linux-64/-/turbo-linux-64-2.8.11.tgz#0cc6a11f110d705a28b4c94e0decd5cbee4491fd"
  integrity sha512-cbSn37dcm+EmkQ7DD0euy7xV7o2el4GAOr1XujvkAyKjjNvQ+6QIUeDgQcwAx3D17zPpDvfDMJY2dLQadWnkmQ==

turbo-linux-arm64@2.8.11:
  version "2.8.11"
  resolved "https://registry.yarnpkg.com/turbo-linux-arm64/-/turbo-linux-arm64-2.8.11.tgz#27a1b3f809001aec6e2be73d007c32a50e2b5d36"
  integrity sha512-+trymp2s2aBrhS04l6qFxcExzZ8ffndevuUB9c5RCeqsVpZeiWuGQlWNm5XjOmzoMayxRARZ5ma7yiWbGMiLqQ==

turbo-windows-64@2.8.11:
  version "2.8.11"
  resolved "https://registry.yarnpkg.com/turbo-windows-64/-/turbo-windows-64-2.8.11.tgz#c6e87f8ff12df80585c8293ccf7283af7377be5a"
  integrity sha512-3kJjFSM4yw1n9Uzmi+XkAUgCae19l/bH6RJ442xo7mnZm0tpOjo33F+FYHoSVpIWVMd0HG0LDccyafPSdylQbA==

turbo-windows-arm64@2.8.11:
  version "2.8.11"
  resolved "https://registry.yarnpkg.com/turbo-windows-arm64/-/turbo-windows-arm64-2.8.11.tgz#46caeead60ff35ee215109d9e1afc63ae3c465bc"
  integrity sha512-JOM4uF2vuLsJUvibdR6X9QqdZr6BhC6Nhlrw4LKFPsXZZI/9HHLoqAiYRpE4MuzIwldCH/jVySnWXrI1SKto0g==

turbo@^2.3.0:
  version "2.8.11"
  resolved "https://registry.yarnpkg.com/turbo/-/turbo-2.8.11.tgz#3c133e59fc228d36cddec1c8569a207ab2c204ac"
  integrity sha512-H+rwSHHPLoyPOSoHdmI1zY0zy0GGj1Dmr7SeJW+nZiWLz2nex8EJ+fkdVabxXFMNEux+aywI4Sae8EqhmnOv4A==
  optionalDependencies:
    turbo-darwin-64 "2.8.11"
    turbo-darwin-arm64 "2.8.11"
    turbo-linux-64 "2.8.11"
    turbo-linux-arm64 "2.8.11"
    turbo-windows-64 "2.8.11"
    turbo-windows-arm64 "2.8.11"
